{
  "name": "qalam",
  "lockfileVersion": 2,
  "requires": true,
  "packages": {
    "": {
      "devDependencies": {
        "@types/turndown": "^5.0.1"
      }
    },
    "node_modules/@types/turndown": {
      "version": "5.0.1",
      "resolved": "https://registry.npmjs.org/@types/turndown/-/turndown-5.0.1.tgz",
      "integrity": "sha512-N8Ad4e3oJxh9n9BiZx9cbe/0M3kqDpOTm2wzj13wdDUxDPjfjloWIJaquZzWE1cYTAHpjOH3rcTnXQdpEfS/SQ==",
      "dev": true
    }
  },
  "dependencies": {
    "@types/turndown": {
      "version": "5.0.1",
      "resolved": "https://registry.npmjs.org/@types/turndown/-/turndown-5.0.1.tgz",
      "integrity": "sha512-N8Ad4e3oJxh9n9BiZx9cbe/0M3kqDpOTm2wzj13wdDUxDPjfjloWIJaquZzWE1cYTAHpjOH3rcTnXQdpEfS/SQ==",
      "dev": true
    }
  }
}
